
Microsoft Visual Studio Solution File, Format Version 12.00
# Visual Studio Version 17
VisualStudioVersion = 17.11.35312.102
MinimumVisualStudioVersion = 10.0.40219.1
Project("{FAE04EC0-301F-11D3-BF4B-00C04F79EFBC}") = "Final_Individual_Project", "Final_Individual_Project.csproj", "{32462B62-1136-4D38-A762-C32D98D74B3B}"
EndProject
Global
	GlobalSection(SolutionConfigurationPlatforms) = preSolution
		Debug|Any CPU = Debug|Any CPU
		Release|Any CPU = Release|Any CPU
	EndGlobalSection
	GlobalSection(ProjectConfigurationPlatforms) = postSolution
		{32462B62-1136-4D38-A762-C32D98D74B3B}.Debug|Any CPU.ActiveCfg = Debug|Any CPU
		{32462B62-1136-4D38-A762-C32D98D74B3B}.Debug|Any CPU.Build.0 = Debug|Any CPU
		{32462B62-1136-4D38-A762-C32D98D74B3B}.Release|Any CPU.ActiveCfg = Release|Any CPU
		{32462B62-1136-4D38-A762-C32D98D74B3B}.Release|Any CPU.Build.0 = Release|Any CPU
	EndGlobalSection
	GlobalSection(SolutionProperties) = preSolution
		HideSolutionNode = FALSE
	EndGlobalSection
	GlobalSection(ExtensibilityGlobals) = postSolution
		SolutionGuid = {F922AA77-A9D5-4A74-87EE-364614F06C7F}
	EndGlobalSection
EndGlobal
